<?xml version="1.0" encoding="utf-8"?>
<Project ToolsVersion="4.0" xmlns="http://schemas.microsoft.com/developer/msbuild/2003">
  <ItemGroup>
    <Filter Include="Source Files">
      <UniqueIdentifier>{4FC737F1-C7A5-4376-A066-2A32D752A2FF}</UniqueIdentifier>
      <Extensions>cpp;c;cc;cxx;def;odl;idl;hpj;bat;asm;asmx</Extensions>
    </Filter>
    <Filter Include="Header Files">
      <UniqueIdentifier>{93995380-89BD-4b04-88EB-625FBE52EBFB}</UniqueIdentifier>
      <Extensions>h;hh;hpp;hxx;hm;inl;inc;xsd</Extensions>
    </Filter>
    <Filter Include="Resource Files">
      <UniqueIdentifier>{67DA6AB6-F800-4c08-8B7A-83BB121AAD01}</UniqueIdentifier>
      <Extensions>rc;ico;cur;bmp;dlg;rc2;rct;bin;rgs;gif;jpg;jpeg;jpe;resx;tiff;tif;png;wav;mfcribbon-ms</Extensions>
    </Filter>
    <Filter Include="Header Files\Utils">
      <UniqueIdentifier>{ce620d93-aee7-418d-82fd-f04cc4b9d050}</UniqueIdentifier>
    </Filter>
    <Filter Include="Source Files\Utils">
      <UniqueIdentifier>{b9681fcc-f14e-4a7e-9bb3-ccb8f571b8d4}</UniqueIdentifier>
    </Filter>
    <Filter Include="Header Files\Exceptions">
      <UniqueIdentifier>{7ec80022-bde1-49a8-bf1e-85995acddd41}</UniqueIdentifier>
    </Filter>
    <Filter Include="Source Files\Exceptions">
      <UniqueIdentifier>{2bf19d72-1cde-4dd5-bd0a-2f1088d35fb7}</UniqueIdentifier>
    </Filter>
  </ItemGroup>
  <ItemGroup>
    <Text Include="ReadMe.txt" />
  </ItemGroup>
  <ItemGroup>
    <ClInclude Include="stdafx.h">
      <Filter>Header Files</Filter>
    </ClInclude>
    <ClInclude Include="targetver.h">
      <Filter>Header Files</Filter>
    </ClInclude>
    <ClInclude Include="pe_file.h">
      <Filter>Header Files</Filter>
    </ClInclude>
    <ClInclude Include="dos_header.h">
      <Filter>Header Files</Filter>
    </ClInclude>
    <ClInclude Include="memory_mapped_file.h">
      <Filter>Header Files\Utils</Filter>
    </ClInclude>
    <ClInclude Include="file_memory_mapping_exception.h">
      <Filter>Header Files\Exceptions</Filter>
    </ClInclude>
    <ClInclude Include="pe_file_header.h">
      <Filter>Header Files</Filter>
    </ClInclude>
    <ClInclude Include="nt_headers.h">
      <Filter>Header Files</Filter>
    </ClInclude>
    <ClInclude Include="file_header.h">
      <Filter>Header Files</Filter>
    </ClInclude>
  </ItemGroup>
  <ItemGroup>
    <ClCompile Include="stdafx.cpp">
      <Filter>Source Files</Filter>
    </ClCompile>
    <ClCompile Include="dllmain.cpp">
      <Filter>Source Files</Filter>
    </ClCompile>
    <ClCompile Include="pe_file.cpp">
      <Filter>Source Files</Filter>
    </ClCompile>
    <ClCompile Include="dos_header.cpp">
      <Filter>Source Files</Filter>
    </ClCompile>
    <ClCompile Include="memory_mapped_file.cpp">
      <Filter>Source Files\Utils</Filter>
    </ClCompile>
    <ClCompile Include="file_memory_mapping_exception.cpp">
      <Filter>Source Files\Exceptions</Filter>
    </ClCompile>
    <ClCompile Include="pe_file_header.cpp">
      <Filter>Source Files</Filter>
    </ClCompile>
    <ClCompile Include="nt_headers.cpp">
      <Filter>Source Files</Filter>
    </ClCompile>
    <ClCompile Include="file_header.cpp">
      <Filter>Source Files</Filter>
    </ClCompile>
  </ItemGroup>
</Project>